
Microsoft Visual Studio Solution File, Format Version 12.00
# Visual Studio Version 17
VisualStudioVersion = 17.12.35209.166
MinimumVisualStudioVersion = 10.0.40219.1
Project("{FAE04EC0-301F-11D3-BF4B-00C04F79EFBC}") = "SpeedUpAPI_Redis", "SpeedUpAPI_Redis\SpeedUpAPI_Redis.csproj", "{334FAFF4-DC53-44E1-8F0A-C838AC1D87F7}"
EndProject
Project("{E53339B2-1760-4266-BCC7-CA923CBCF16C}") = "docker-compose", "docker-compose.dcproj", "{030DDC16-D5F3-4900-A59C-5B71C27219D5}"
EndProject
Global
	GlobalSection(SolutionConfigurationPlatforms) = preSolution
		Debug|Any CPU = Debug|Any CPU
		Release|Any CPU = Release|Any CPU
	EndGlobalSection
	GlobalSection(ProjectConfigurationPlatforms) = postSolution
		{334FAFF4-DC53-44E1-8F0A-C838AC1D87F7}.Debug|Any CPU.ActiveCfg = Debug|Any CPU
		{334FAFF4-DC53-44E1-8F0A-C838AC1D87F7}.Debug|Any CPU.Build.0 = Debug|Any CPU
		{334FAFF4-DC53-44E1-8F0A-C838AC1D87F7}.Release|Any CPU.ActiveCfg = Release|Any CPU
		{334FAFF4-DC53-44E1-8F0A-C838AC1D87F7}.Release|Any CPU.Build.0 = Release|Any CPU
		{030DDC16-D5F3-4900-A59C-5B71C27219D5}.Debug|Any CPU.ActiveCfg = Debug|Any CPU
		{030DDC16-D5F3-4900-A59C-5B71C27219D5}.Debug|Any CPU.Build.0 = Debug|Any CPU
		{030DDC16-D5F3-4900-A59C-5B71C27219D5}.Release|Any CPU.ActiveCfg = Release|Any CPU
		{030DDC16-D5F3-4900-A59C-5B71C27219D5}.Release|Any CPU.Build.0 = Release|Any CPU
	EndGlobalSection
	GlobalSection(SolutionProperties) = preSolution
		HideSolutionNode = FALSE
	EndGlobalSection
	GlobalSection(ExtensibilityGlobals) = postSolution
		SolutionGuid = {99B24DEA-C4EB-4303-9B44-5DA2F6EE561E}
	EndGlobalSection
EndGlobal
